
Microsoft Visual Studio Solution File, Format Version 10.00
# Visual Studio 2008
Project("{2150E333-8FDC-42A3-9474-1A3956D46DE8}") = "P2P", "P2P", "{C031193C-AFD8-4889-A8A9-075EE29D0799}"
EndProject
Project("{FAE04EC0-301F-11D3-BF4B-00C04F79EFBC}") = "Profes.P2P.FileShare", "Profes.P2P.FileShare\Profes.P2P.FileShare.csproj", "{4410ECE9-7B88-4465-8773-D8433118BAC9}"
EndProject
Project("{2150E333-8FDC-42A3-9474-1A3956D46DE8}") = "Security", "Security", "{16B84B62-BB92-4F24-AD16-3783D679967C}"
EndProject
Project("{FAE04EC0-301F-11D3-BF4B-00C04F79EFBC}") = "Profes.Security.Cryptography", "Profes.Security.Cryptography\Profes.Security.Cryptography.csproj", "{7F0DCFFB-9CAA-4349-B447-D7CD7654F0BA}"
EndProject
Project("{FAE04EC0-301F-11D3-BF4B-00C04F79EFBC}") = "Profes.Window", "Profes.Window\Profes.Window.csproj", "{62C79692-377E-4C4E-9C94-57539557E09B}"
EndProject
Project("{2150E333-8FDC-42A3-9474-1A3956D46DE8}") = "FileShare", "FileShare", "{28A5F056-5884-4E51-892F-FA12ACA304D7}"
EndProject
Project("{2150E333-8FDC-42A3-9474-1A3956D46DE8}") = "Cryptography", "Cryptography", "{906B9ED2-ABF3-43D7-9EDA-0FCFC4C7E162}"
EndProject
Project("{2150E333-8FDC-42A3-9474-1A3956D46DE8}") = "Window", "Window", "{4256FD2B-0E5B-4034-9744-B10AAB4DFD5E}"
EndProject
Project("{FAE04EC0-301F-11D3-BF4B-00C04F79EFBC}") = "Profes.BinaryEditorBase", "Profes.BinaryEditor\Profes.BinaryEditorBase.csproj", "{0ADA5203-3B47-4C22-8192-27160F989B0D}"
EndProject
Project("{2150E333-8FDC-42A3-9474-1A3956D46DE8}") = "BinaryEditorBase", "BinaryEditorBase", "{ED770020-E3E8-4039-A60F-FAE8566E613C}"
EndProject
Project("{2150E333-8FDC-42A3-9474-1A3956D46DE8}") = "Configuration", "Configuration", "{A732277D-4ECD-4F2F-AB57-7A67738AA327}"
EndProject
Project("{FAE04EC0-301F-11D3-BF4B-00C04F79EFBC}") = "Profes.Configuration", "Profes.SettingsBase\Profes.Configuration.csproj", "{6A99D74A-4F49-4CE4-9AF1-5EDD1C8B4673}"
EndProject
Project("{2150E333-8FDC-42A3-9474-1A3956D46DE8}") = "UPnP", "UPnP", "{582F2D16-8718-4DA6-9701-8429BE8AF708}"
EndProject
Project("{FAE04EC0-301F-11D3-BF4B-00C04F79EFBC}") = "Profes.UPnP", "Profes.UPnP\Profes.UPnP.csproj", "{E0FFC6F0-FF65-477A-944E-0E0038A720F2}"
EndProject
Project("{2150E333-8FDC-42A3-9474-1A3956D46DE8}") = "DialogBox", "DialogBox", "{75006CF1-A835-497C-8342-ACE28E155BA8}"
EndProject
Project("{FAE04EC0-301F-11D3-BF4B-00C04F79EFBC}") = "Profes.DialogBox", "Profes.DialogBox\Profes.DialogBox.csproj", "{A8CD7A9C-6787-4B14-BF5D-29D10FD77032}"
EndProject
Global
	GlobalSection(SolutionConfigurationPlatforms) = preSolution
		Debug|Any CPU = Debug|Any CPU
		Release|Any CPU = Release|Any CPU
	EndGlobalSection
	GlobalSection(ProjectConfigurationPlatforms) = postSolution
		{4410ECE9-7B88-4465-8773-D8433118BAC9}.Debug|Any CPU.ActiveCfg = Debug|Any CPU
		{4410ECE9-7B88-4465-8773-D8433118BAC9}.Debug|Any CPU.Build.0 = Debug|Any CPU
		{4410ECE9-7B88-4465-8773-D8433118BAC9}.Release|Any CPU.ActiveCfg = Release|Any CPU
		{4410ECE9-7B88-4465-8773-D8433118BAC9}.Release|Any CPU.Build.0 = Release|Any CPU
		{7F0DCFFB-9CAA-4349-B447-D7CD7654F0BA}.Debug|Any CPU.ActiveCfg = Debug|Any CPU
		{7F0DCFFB-9CAA-4349-B447-D7CD7654F0BA}.Debug|Any CPU.Build.0 = Debug|Any CPU
		{7F0DCFFB-9CAA-4349-B447-D7CD7654F0BA}.Release|Any CPU.ActiveCfg = Release|Any CPU
		{7F0DCFFB-9CAA-4349-B447-D7CD7654F0BA}.Release|Any CPU.Build.0 = Release|Any CPU
		{62C79692-377E-4C4E-9C94-57539557E09B}.Debug|Any CPU.ActiveCfg = Debug|Any CPU
		{62C79692-377E-4C4E-9C94-57539557E09B}.Debug|Any CPU.Build.0 = Debug|Any CPU
		{62C79692-377E-4C4E-9C94-57539557E09B}.Release|Any CPU.ActiveCfg = Release|Any CPU
		{62C79692-377E-4C4E-9C94-57539557E09B}.Release|Any CPU.Build.0 = Release|Any CPU
		{0ADA5203-3B47-4C22-8192-27160F989B0D}.Debug|Any CPU.ActiveCfg = Debug|Any CPU
		{0ADA5203-3B47-4C22-8192-27160F989B0D}.Debug|Any CPU.Build.0 = Debug|Any CPU
		{0ADA5203-3B47-4C22-8192-27160F989B0D}.Release|Any CPU.ActiveCfg = Release|Any CPU
		{0ADA5203-3B47-4C22-8192-27160F989B0D}.Release|Any CPU.Build.0 = Release|Any CPU
		{6A99D74A-4F49-4CE4-9AF1-5EDD1C8B4673}.Debug|Any CPU.ActiveCfg = Debug|Any CPU
		{6A99D74A-4F49-4CE4-9AF1-5EDD1C8B4673}.Debug|Any CPU.Build.0 = Debug|Any CPU
		{6A99D74A-4F49-4CE4-9AF1-5EDD1C8B4673}.Release|Any CPU.ActiveCfg = Release|Any CPU
		{6A99D74A-4F49-4CE4-9AF1-5EDD1C8B4673}.Release|Any CPU.Build.0 = Release|Any CPU
		{E0FFC6F0-FF65-477A-944E-0E0038A720F2}.Debug|Any CPU.ActiveCfg = Debug|Any CPU
		{E0FFC6F0-FF65-477A-944E-0E0038A720F2}.Debug|Any CPU.Build.0 = Debug|Any CPU
		{E0FFC6F0-FF65-477A-944E-0E0038A720F2}.Release|Any CPU.ActiveCfg = Release|Any CPU
		{E0FFC6F0-FF65-477A-944E-0E0038A720F2}.Release|Any CPU.Build.0 = Release|Any CPU
		{A8CD7A9C-6787-4B14-BF5D-29D10FD77032}.Debug|Any CPU.ActiveCfg = Debug|Any CPU
		{A8CD7A9C-6787-4B14-BF5D-29D10FD77032}.Debug|Any CPU.Build.0 = Debug|Any CPU
		{A8CD7A9C-6787-4B14-BF5D-29D10FD77032}.Release|Any CPU.ActiveCfg = Release|Any CPU
		{A8CD7A9C-6787-4B14-BF5D-29D10FD77032}.Release|Any CPU.Build.0 = Release|Any CPU
	EndGlobalSection
	GlobalSection(SolutionProperties) = preSolution
		HideSolutionNode = FALSE
	EndGlobalSection
	GlobalSection(NestedProjects) = preSolution
		{28A5F056-5884-4E51-892F-FA12ACA304D7} = {C031193C-AFD8-4889-A8A9-075EE29D0799}
		{4410ECE9-7B88-4465-8773-D8433118BAC9} = {28A5F056-5884-4E51-892F-FA12ACA304D7}
		{906B9ED2-ABF3-43D7-9EDA-0FCFC4C7E162} = {16B84B62-BB92-4F24-AD16-3783D679967C}
		{7F0DCFFB-9CAA-4349-B447-D7CD7654F0BA} = {906B9ED2-ABF3-43D7-9EDA-0FCFC4C7E162}
		{62C79692-377E-4C4E-9C94-57539557E09B} = {4256FD2B-0E5B-4034-9744-B10AAB4DFD5E}
		{0ADA5203-3B47-4C22-8192-27160F989B0D} = {ED770020-E3E8-4039-A60F-FAE8566E613C}
		{6A99D74A-4F49-4CE4-9AF1-5EDD1C8B4673} = {A732277D-4ECD-4F2F-AB57-7A67738AA327}
		{E0FFC6F0-FF65-477A-944E-0E0038A720F2} = {582F2D16-8718-4DA6-9701-8429BE8AF708}
		{A8CD7A9C-6787-4B14-BF5D-29D10FD77032} = {75006CF1-A835-497C-8342-ACE28E155BA8}
	EndGlobalSection
EndGlobal
